
Microsoft Visual Studio Solution File, Format Version 12.00
# Visual Studio Version 16
VisualStudioVersion = 16.0.33529.622
MinimumVisualStudioVersion = 10.0.40219.1
Project("{9A19103F-16F7-4668-BE54-9A1E7A4F7556}") = "HomeWork_C_Sharp", "HomeWork_C_Sharp.csproj", "{05178F9B-4D2A-471C-8252-8B03CB115D50}"
EndProject
Project("{FAE04EC0-301F-11D3-BF4B-00C04F79EFBC}") = "HW_7", "..\HW_7\HW_7.csproj", "{5078EB70-499D-4191-ACE3-75CFF251D55B}"
EndProject
Global
	GlobalSection(SolutionConfigurationPlatforms) = preSolution
		Debug|Any CPU = Debug|Any CPU
		Release|Any CPU = Release|Any CPU
	EndGlobalSection
	GlobalSection(ProjectConfigurationPlatforms) = postSolution
		{05178F9B-4D2A-471C-8252-8B03CB115D50}.Debug|Any CPU.ActiveCfg = Debug|Any CPU
		{05178F9B-4D2A-471C-8252-8B03CB115D50}.Debug|Any CPU.Build.0 = Debug|Any CPU
		{05178F9B-4D2A-471C-8252-8B03CB115D50}.Release|Any CPU.ActiveCfg = Release|Any CPU
		{05178F9B-4D2A-471C-8252-8B03CB115D50}.Release|Any CPU.Build.0 = Release|Any CPU
		{5078EB70-499D-4191-ACE3-75CFF251D55B}.Debug|Any CPU.ActiveCfg = Debug|Any CPU
		{5078EB70-499D-4191-ACE3-75CFF251D55B}.Debug|Any CPU.Build.0 = Debug|Any CPU
		{5078EB70-499D-4191-ACE3-75CFF251D55B}.Release|Any CPU.ActiveCfg = Release|Any CPU
		{5078EB70-499D-4191-ACE3-75CFF251D55B}.Release|Any CPU.Build.0 = Release|Any CPU
	EndGlobalSection
	GlobalSection(SolutionProperties) = preSolution
		HideSolutionNode = FALSE
	EndGlobalSection
	GlobalSection(ExtensibilityGlobals) = postSolution
		SolutionGuid = {6E76268D-7504-44F6-9D69-D5021F414DCC}
	EndGlobalSection
EndGlobal
